// !$*UTF8*$!
{
	archiveVersion = 1;
	classes = {
	};
	objectVersion = 50;
	objects = {

/* Begin PBXBuildFile section */
		EE8837CD21BA04F600EED872 /* AppDelegate.swift in Sources */ = {isa = PBXBuildFile; fileRef = EE8837CC21BA04F600EED872 /* AppDelegate.swift */; };
		EE8837CF21BA04F600EED872 /* ViewController.swift in Sources */ = {isa = PBXBuildFile; fileRef = EE8837CE21BA04F600EED872 /* ViewController.swift */; };
		EE8837D221BA04F600EED872 /* Main.storyboard in Resources */ = {isa = PBXBuildFile; fileRef = EE8837D021BA04F600EED872 /* Main.storyboard */; };
		EE8837D421BA04F700EED872 /* Assets.xcassets in Resources */ = {isa = PBXBuildFile; fileRef = EE8837D321BA04F700EED872 /* Assets.xcassets */; };
		EE8837D721BA04F700EED872 /* LaunchScreen.storyboard in Resources */ = {isa = PBXBuildFile; fileRef = EE8837D521BA04F700EED872 /* LaunchScreen.storyboard */; };
		EE8837DF21BA080400EED872 /* WebView1Controller.swift in Sources */ = {isa = PBXBuildFile; fileRef = EE8837DE21BA080400EED872 /* WebView1Controller.swift */; };
		EE8837E121BA082C00EED872 /* WebView2Controller.swift in Sources */ = {isa = PBXBuildFile; fileRef = EE8837E021BA082C00EED872 /* WebView2Controller.swift */; };
/* End PBXBuildFile section */

/* Begin PBXFileReference section */
		EE8837C921BA04F600EED872 /* Swift4WebView1.app */ = {isa = PBXFileReference; explicitFileType = wrapper.application; includeInIndex = 0; path = Swift4WebView1.app; sourceTree = BUILT_PRODUCTS_DIR; };
		EE8837CC21BA04F600EED872 /* AppDelegate.swift */ = {isa = PBXFileReference; lastKnownFileType = sourcecode.swift; path = AppDelegate.swift; sourceTree = "<group>"; };
		EE8837CE21BA04F600EED872 /* ViewController.swift */ = {isa = PBXFileReference; lastKnownFileType = sourcecode.swift; path = ViewController.swift; sourceTree = "<group>"; };
		EE8837D121BA04F600EED872 /* Base */ = {isa = PBXFileReference; lastKnownFileType = file.storyboard; name = Base; path = Base.lproj/Main.storyboard; sourceTree = "<group>"; };
		EE8837D321BA04F700EED872 /* Assets.xcassets */ = {isa = PBXFileReference; lastKnownFileType = folder.assetcatalog; path = Assets.xcassets; sourceTree = "<group>"; };
		EE8837D621BA04F700EED872 /* Base */ = {isa = PBXFileReference; lastKnownFileType = file.storyboard; name = Base; path = Base.lproj/LaunchScreen.storyboard; sourceTree = "<group>"; };
		EE8837D821BA04F700EED872 /* Info.plist */ = {isa = PBXFileReference; lastKnownFileType = text.plist.xml; path = Info.plist; sourceTree = "<group>"; };
		EE8837DE21BA080400EED872 /* WebView1Controller.swift */ = {isa = PBXFileReference; lastKnownFileType = sourcecode.swift; path = WebView1Controller.swift; sourceTree = "<group>"; };
		EE8837E021BA082C00EED872 /* WebView2Controller.swift */ = {isa = PBXFileReference; lastKnownFileType = sourcecode.swift; path = WebView2Controller.swift; sourceTree = "<group>"; };
/* End PBXFileReference section */

/* Begin PBXFrameworksBuildPhase section */
		EE8837C621BA04F600EED872 /* Frameworks */ = {
			isa = PBXFrameworksBuildPhase;
			buildActionMask = 2147483647;
			files = (
			);
			runOnlyForDeploymentPostprocessing = 0;
		};
/* End PBXFrameworksBuildPhase section */

/* Begin PBXGroup section */
		EE8837C021BA04F600EED872 = {
			isa = PBXGroup;
			children = (
				EE8837CB21BA04F600EED872 /* Swift4WebView1 */,
				EE8837CA21BA04F600EED872 /* Products */,
			);
			sourceTree = "<group>";
		};
		EE8837CA21BA04F600EED872 /* Products */ = {
			isa = PBXGroup;
			children = (
				EE8837C921BA04F600EED872 /* Swift4WebView1.app */,
			);
			name = Products;
			sourceTree = "<group>";
		};
		EE8837CB21BA04F600EED872 /* Swift4WebView1 */ = {
			isa = PBXGroup;
			children = (
				EE8837CC21BA04F600EED872 /* AppDelegate.swift */,
				EE8837CE21BA04F600EED872 /* ViewController.swift */,
				EE8837DE21BA080400EED872 /* WebView1Controller.swift */,
				EE8837E021BA082C00EED872 /* WebView2Controller.swift */,
				EE8837D021BA04F600EED872 /* Main.storyboard */,
				EE8837D321BA04F700EED872 /* Assets.xcassets */,
				EE8837D521BA04F700EED872 /* LaunchScreen.storyboard */,
				EE8837D821BA04F700EED872 /* Info.plist */,
			);
			path = Swift4WebView1;
			sourceTree = "<group>";
		};
/* End PBXGroup section */

/* Begin PBXNativeTarget section */
		EE8837C821BA04F600EED872 /* Swift4WebView1 */ = {
			isa = PBXNativeTarget;
			buildConfigurationList = EE8837DB21BA04F700EED872 /* Build configuration list for PBXNativeTarget "Swift4WebView1" */;
			buildPhases = (
				EE8837C521BA04F600EED872 /* Sources */,
				EE8837C621BA04F600EED872 /* Frameworks */,
				EE8837C721BA04F600EED872 /* Resources */,
			);
			buildRules = (
			);
			dependencies = (
			);
			name = Swift4WebView1;
			productName = Swift4WebView1;
			productReference = EE8837C921BA04F600EED872 /* Swift4WebView1.app */;
			productType = "com.apple.product-type.application";
		};
/* End PBXNativeTarget section */

/* Begin PBXProject section */
		EE8837C121BA04F600EED872 /* Project object */ = {
			isa = PBXProject;
			attributes = {
				LastSwiftUpdateCheck = 1010;
				LastUpgradeCheck = 1010;
				ORGANIZATIONNAME = hiroya;
				TargetAttributes = {
					EE8837C821BA04F600EED872 = {
						CreatedOnToolsVersion = 10.1;
					};
				};
			};
			buildConfigurationList = EE8837C421BA04F600EED872 /* Build configuration list for PBXProject "Swift4WebView1" */;
			compatibilityVersion = "Xcode 9.3";
			developmentRegion = en;
			hasScannedForEncodings = 0;
			knownRegions = (
				en,
				Base,
			);
			mainGroup = EE8837C021BA04F600EED872;
			productRefGroup = EE8837CA21BA04F600EED872 /* Products */;
			projectDirPath = "";
			projectRoot = "";
			targets = (
				EE8837C821BA04F600EED872 /* Swift4WebView1 */,
			);
		};
/* End PBXProject section */

/* Begin PBXResourcesBuildPhase section */
		EE8837C721BA04F600EED872 /* Resources */ = {
			isa = PBXResourcesBuildPhase;
			buildActionMask = 2147483647;
			files = (
				EE8837D721BA04F700EED872 /* LaunchScreen.storyboard in Resources */,
				EE8837D421BA04F700EED872 /* Assets.xcassets in Resources */,
				EE8837D221BA04F600EED872 /* Main.storyboard in Resources */,
			);
			runOnlyForDeploymentPostprocessing = 0;
		};
/* End PBXResourcesBuildPhase section */

/* Begin PBXSourcesBuildPhase section */
		EE8837C521BA04F600EED872 /* Sources */ = {
			isa = PBXSourcesBuildPhase;
			buildActionMask = 2147483647;
			files = (
				EE8837DF21BA080400EED872 /* WebView1Controller.swift in Sources */,
				EE8837CF21BA04F600EED872 /* ViewController.swift in Sources */,
				EE8837E121BA082C00EED872 /* WebView2Controller.swift in Sources */,
				EE8837CD21BA04F600EED872 /* AppDelegate.swift in Sources */,
			);
			runOnlyForDeploymentPostprocessing = 0;
		};
/* End PBXSourcesBuildPhase section */

/* Begin PBXVariantGroup section */
		EE8837D021BA04F600EED872 /* Main.storyboard */ = {
			isa = PBXVariantGroup;
			children = (
				EE8837D121BA04F600EED872 /* Base */,
			);
			name = Main.storyboard;
			sourceTree = "<group>";
		};
		EE8837D521BA04F700EED872 /* LaunchScreen.storyboard */ = {
			isa = PBXVariantGroup;
			children = (
				EE8837D621BA04F700EED872 /* Base */,
			);
			name = LaunchScreen.storyboard;
			sourceTree = "<group>";
		};
/* End PBXVariantGroup section */

/* Begin XCBuildConfiguration section */
		EE8837D921BA04F700EED872 /* Debug */ = {
			isa = XCBuildConfiguration;
			buildSettings = {
				ALWAYS_SEARCH_USER_PATHS = NO;
				CLANG_ANALYZER_NONNULL = YES;
				CLANG_ANALYZER_NUMBER_OBJECT_CONVERSION = YES_AGGRESSIVE;
				CLANG_CXX_LANGUAGE_STANDARD = "gnu++14";
				CLANG_CXX_LIBRARY = "libc++";
				CLANG_ENABLE_MODULES = YES;
				CLANG_ENABLE_OBJC_ARC = YES;
				CLANG_ENABLE_OBJC_WEAK = YES;
				CLANG_WARN_BLOCK_CAPTURE_AUTORELEASING = YES;
				CLANG_WARN_BOOL_CONVERSION = YES;
				CLANG_WARN_COMMA = YES;
				CLANG_WARN_CONSTANT_CONVERSION = YES;
				CLANG_WARN_DEPRECATED_OBJC_IMPLEMENTATIONS = YES;
				CLANG_WARN_DIRECT_OBJC_ISA_USAGE = YES_ERROR;
				CLANG_WARN_DOCUMENTATION_COMMENTS = YES;
				CLANG_WARN_EMPTY_BODY = YES;
				CLANG_WARN_ENUM_CONVERSION = YES;
				CLANG_WARN_INFINITE_RECURSION = YES;
				CLANG_WARN_INT_CONVERSION = YES;
				CLANG_WARN_NON_LITERAL_NULL_CONVERSION = YES;
				CLANG_WARN_OBJC_IMPLICIT_RETAIN_SELF = YES;
				CLANG_WARN_OBJC_LITERAL_CONVERSION = YES;
				CLANG_WARN_OBJC_ROOT_CLASS = YES_ERROR;
				CLANG_WARN_RANGE_LOOP_ANALYSIS = YES;
				CLANG_WARN_STRICT_PROTOTYPES = YES;
				CLANG_WARN_SUSPICIOUS_MOVE = YES;
				CLANG_WARN_UNGUARDED_AVAILABILITY = YES_AGGRESSIVE;
				CLANG_WARN_UNREACHABLE_CODE = YES;
				CLANG_WARN__DUPLICATE_METHOD_MATCH = YES;
				CODE_SIGN_IDENTITY = "iPhone Developer";
				COPY_PHASE_STRIP = NO;
				DEBUG_INFORMATION_FORMAT = dwarf;
				ENABLE_STRICT_OBJC_MSGSEND = YES;
				ENABLE_TESTABILITY = YES;
				GCC_C_LANGUAGE_STANDARD = gnu11;
				GCC_DYNAMIC_NO_PIC = NO;
				GCC_NO_COMMON_BLOCKS = YES;
				GCC_OPTIMIZATION_LEVEL = 0;
				GCC_PREPROCESSOR_DEFINITIONS = (
					"DEBUG=1",
					"$(inherited)",
				);
				GCC_WARN_64_TO_32_BIT_CONVERSION = YES;
				GCC_WARN_ABOUT_RETURN_TYPE = YES_ERROR;
				GCC_WARN_UNDECLARED_SELECTOR = YES;
				GCC_WARN_UNINITIALIZED_AUTOS = YES_AGGRESSIVE;
				GCC_WARN_UNUSED_FUNCTION = YES;
				GCC_WARN_UNUSED_VARIABLE = YES;
				IPHONEOS_DEPLOYMENT_TARGET = 12.1;
				MTL_ENABLE_DEBUG_INFO = INCLUDE_SOURCE;
				MTL_FAST_MATH = YES;
				ONLY_ACTIVE_ARCH = YES;
				SDKROOT = iphoneos;
				SWIFT_ACTIVE_COMPILATION_CONDITIONS = DEBUG;
				SWIFT_OPTIMIZATION_LEVEL = "-Onone";
			};
			name = Debug;
		};
		EE8837DA21BA04F700EED872 /* Release */ = {
			isa = XCBuildConfiguration;
			buildSettings = {
				ALWAYS_SEARCH_USER_PATHS = NO;
				CLANG_ANALYZER_NONNULL = YES;
				CLANG_ANALYZER_NUMBER_OBJECT_CONVERSION = YES_AGGRESSIVE;
				CLANG_CXX_LANGUAGE_STANDARD = "gnu++14";
				CLANG_CXX_LIBRARY = "libc++";
				CLANG_ENABLE_MODULES = YES;
				CLANG_ENABLE_OBJC_ARC = YES;
				CLANG_ENABLE_OBJC_WEAK = YES;
				CLANG_WARN_BLOCK_CAPTURE_AUTORELEASING = YES;
				CLANG_WARN_BOOL_CONVERSION = YES;
				CLANG_WARN_COMMA = YES;
				CLANG_WARN_CONSTANT_CONVERSION = YES;
				CLANG_WARN_DEPRECATED_OBJC_IMPLEMENTATIONS = YES;
				CLANG_WARN_DIRECT_OBJC_ISA_USAGE = YES_ERROR;
				CLANG_WARN_DOCUMENTATION_COMMENTS = YES;
				CLANG_WARN_EMPTY_BODY = YES;
				CLANG_WARN_ENUM_CONVERSION = YES;
				CLANG_WARN_INFINITE_RECURSION = YES;
				CLANG_WARN_INT_CONVERSION = YES;
				CLANG_WARN_NON_LITERAL_NULL_CONVERSION = YES;
				CLANG_WARN_OBJC_IMPLICIT_RETAIN_SELF = YES;
				CLANG_WARN_OBJC_LITERAL_CONVERSION = YES;
				CLANG_WARN_OBJC_ROOT_CLASS = YES_ERROR;
				CLANG_WARN_RANGE_LOOP_ANALYSIS = YES;
				CLANG_WARN_STRICT_PROTOTYPES = YES;
				CLANG_WARN_SUSPICIOUS_MOVE = YES;
				CLANG_WARN_UNGUARDED_AVAILABILITY = YES_AGGRESSIVE;
				CLANG_WARN_UNREACHABLE_CODE = YES;
				CLANG_WARN__DUPLICATE_METHOD_MATCH = YES;
				CODE_SIGN_IDENTITY = "iPhone Developer";
				COPY_PHASE_STRIP = NO;
				DEBUG_INFORMATION_FORMAT = "dwarf-with-dsym";
				ENABLE_NS_ASSERTIONS = NO;
				ENABLE_STRICT_OBJC_MSGSEND = YES;
				GCC_C_LANGUAGE_STANDARD = gnu11;
				GCC_NO_COMMON_BLOCKS = YES;
				GCC_WARN_64_TO_32_BIT_CONVERSION = YES;
				GCC_WARN_ABOUT_RETURN_TYPE = YES_ERROR;
				GCC_WARN_UNDECLARED_SELECTOR = YES;
				GCC_WARN_UNINITIALIZED_AUTOS = YES_AGGRESSIVE;
				GCC_WARN_UNUSED_FUNCTION = YES;
				GCC_WARN_UNUSED_VARIABLE = YES;
				IPHONEOS_DEPLOYMENT_TARGET = 12.1;
				MTL_ENABLE_DEBUG_INFO = NO;
				MTL_FAST_MATH = YES;
				SDKROOT = iphoneos;
				SWIFT_COMPILATION_MODE = wholemodule;
				SWIFT_OPTIMIZATION_LEVEL = "-O";
				VALIDATE_PRODUCT = YES;
			};
			name = Release;
		};
		EE8837DC21BA04F700EED872 /* Debug */ = {
			isa = XCBuildConfiguration;
			buildSettings = {
				ASSETCATALOG_COMPILER_APPICON_NAME = AppIcon;
				CODE_SIGN_STYLE = Automatic;
				DEVELOPMENT_TEAM = 3HNBAS9RU7;
				INFOPLIST_FILE = Swift4WebView1/Info.plist;
				LD_RUNPATH_SEARCH_PATHS = (
					"$(inherited)",
					"@executable_path/Frameworks",
				);
				PRODUCT_BUNDLE_IDENTIFIER = com.ayoih.Swift4WebView1;
				PRODUCT_NAME = "$(TARGET_NAME)";
				SWIFT_VERSION = 4.2;
				TARGETED_DEVICE_FAMILY = "1,2";
			};
			name = Debug;
		};
		EE8837DD21BA04F700EED872 /* Release */ = {
			isa = XCBuildConfiguration;
			buildSettings = {
				ASSETCATALOG_COMPILER_APPICON_NAME = AppIcon;
				CODE_SIGN_STYLE = Automatic;
				DEVELOPMENT_TEAM = 3HNBAS9RU7;
				INFOPLIST_FILE = Swift4WebView1/Info.plist;
				LD_RUNPATH_SEARCH_PATHS = (
					"$(inherited)",
					"@executable_path/Frameworks",
				);
				PRODUCT_BUNDLE_IDENTIFIER = com.ayoih.Swift4WebView1;
				PRODUCT_NAME = "$(TARGET_NAME)";
				SWIFT_VERSION = 4.2;
				TARGETED_DEVICE_FAMILY = "1,2";
			};
			name = Release;
		};
/* End XCBuildConfiguration section */

/* Begin XCConfigurationList section */
		EE8837C421BA04F600EED872 /* Build configuration list for PBXProject "Swift4WebView1" */ = {
			isa = XCConfigurationList;
			buildConfigurations = (
				EE8837D921BA04F700EED872 /* Debug */,
				EE8837DA21BA04F700EED872 /* Release */,
			);
			defaultConfigurationIsVisible = 0;
			defaultConfigurationName = Release;
		};
		EE8837DB21BA04F700EED872 /* Build configuration list for PBXNativeTarget "Swift4WebView1" */ = {
			isa = XCConfigurationList;
			buildConfigurations = (
				EE8837DC21BA04F700EED872 /* Debug */,
				EE8837DD21BA04F700EED872 /* Release */,
			);
			defaultConfigurationIsVisible = 0;
			defaultConfigurationName = Release;
		};
/* End XCConfigurationList section */
	};
	rootObject = EE8837C121BA04F600EED872 /* Project object */;
}
